
Microsoft Visual Studio Solution File, Format Version 12.00
# Visual Studio 15
VisualStudioVersion = 15.0.27428.2027
MinimumVisualStudioVersion = 10.0.40219.1
Project("{FAE04EC0-301F-11D3-BF4B-00C04F79EFBC}") = "cem_updater_core", "cem_updater_core\cem_updater_core.csproj", "{C37DB362-C857-4DB0-A358-7F0ECF81E577}"
EndProject
Global
	GlobalSection(SolutionConfigurationPlatforms) = preSolution
		Debug|Any CPU = Debug|Any CPU
		Release|Any CPU = Release|Any CPU
	EndGlobalSection
	GlobalSection(ProjectConfigurationPlatforms) = postSolution
		{C37DB362-C857-4DB0-A358-7F0ECF81E577}.Debug|Any CPU.ActiveCfg = Debug|Any CPU
		{C37DB362-C857-4DB0-A358-7F0ECF81E577}.Debug|Any CPU.Build.0 = Debug|Any CPU
		{C37DB362-C857-4DB0-A358-7F0ECF81E577}.Release|Any CPU.ActiveCfg = Release|Any CPU
		{C37DB362-C857-4DB0-A358-7F0ECF81E577}.Release|Any CPU.Build.0 = Release|Any CPU
	EndGlobalSection
	GlobalSection(SolutionProperties) = preSolution
		HideSolutionNode = FALSE
	EndGlobalSection
	GlobalSection(ExtensibilityGlobals) = postSolution
		SolutionGuid = {B86DAF7B-4542-44D8-A6EA-67D62C924AA4}
	EndGlobalSection
EndGlobal
